// !$*UTF8*$!
{
	archiveVersion = 1;
	classes = {
	};
	objectVersion = 50;
	objects = {

/* Begin PBXBuildFile section */
		DBE610C3256442D300B39BC8 /* SwiftPHPickerAppApp.swift in Sources */ = {isa = PBXBuildFile; fileRef = DBE610B0256442D200B39BC8 /* SwiftPHPickerAppApp.swift */; };
		DBE610C4256442D300B39BC8 /* SwiftPHPickerAppApp.swift in Sources */ = {isa = PBXBuildFile; fileRef = DBE610B0256442D200B39BC8 /* SwiftPHPickerAppApp.swift */; };
		DBE610C5256442D300B39BC8 /* ContentView.swift in Sources */ = {isa = PBXBuildFile; fileRef = DBE610B1256442D200B39BC8 /* ContentView.swift */; };
		DBE610C6256442D300B39BC8 /* ContentView.swift in Sources */ = {isa = PBXBuildFile; fileRef = DBE610B1256442D200B39BC8 /* ContentView.swift */; };
		DBE610C7256442D300B39BC8 /* Assets.xcassets in Resources */ = {isa = PBXBuildFile; fileRef = DBE610B2256442D300B39BC8 /* Assets.xcassets */; };
		DBE610C8256442D300B39BC8 /* Assets.xcassets in Resources */ = {isa = PBXBuildFile; fileRef = DBE610B2256442D300B39BC8 /* Assets.xcassets */; };
/* End PBXBuildFile section */

/* Begin PBXFileReference section */
		DBE610B0256442D200B39BC8 /* SwiftPHPickerAppApp.swift */ = {isa = PBXFileReference; lastKnownFileType = sourcecode.swift; path = SwiftPHPickerAppApp.swift; sourceTree = "<group>"; };
		DBE610B1256442D200B39BC8 /* ContentView.swift */ = {isa = PBXFileReference; lastKnownFileType = sourcecode.swift; path = ContentView.swift; sourceTree = "<group>"; };
		DBE610B2256442D300B39BC8 /* Assets.xcassets */ = {isa = PBXFileReference; lastKnownFileType = folder.assetcatalog; path = Assets.xcassets; sourceTree = "<group>"; };
		DBE610B7256442D300B39BC8 /* SwiftPHPickerApp.app */ = {isa = PBXFileReference; explicitFileType = wrapper.application; includeInIndex = 0; path = SwiftPHPickerApp.app; sourceTree = BUILT_PRODUCTS_DIR; };
		DBE610BA256442D300B39BC8 /* Info.plist */ = {isa = PBXFileReference; lastKnownFileType = text.plist.xml; path = Info.plist; sourceTree = "<group>"; };
		DBE610BF256442D300B39BC8 /* SwiftPHPickerApp.app */ = {isa = PBXFileReference; explicitFileType = wrapper.application; includeInIndex = 0; path = SwiftPHPickerApp.app; sourceTree = BUILT_PRODUCTS_DIR; };
		DBE610C1256442D300B39BC8 /* Info.plist */ = {isa = PBXFileReference; lastKnownFileType = text.plist.xml; path = Info.plist; sourceTree = "<group>"; };
		DBE610C2256442D300B39BC8 /* macOS.entitlements */ = {isa = PBXFileReference; lastKnownFileType = text.plist.entitlements; path = macOS.entitlements; sourceTree = "<group>"; };
/* End PBXFileReference section */

/* Begin PBXFrameworksBuildPhase section */
		DBE610B4256442D300B39BC8 /* Frameworks */ = {
			isa = PBXFrameworksBuildPhase;
			buildActionMask = 2147483647;
			files = (
			);
			runOnlyForDeploymentPostprocessing = 0;
		};
		DBE610BC256442D300B39BC8 /* Frameworks */ = {
			isa = PBXFrameworksBuildPhase;
			buildActionMask = 2147483647;
			files = (
			);
			runOnlyForDeploymentPostprocessing = 0;
		};
/* End PBXFrameworksBuildPhase section */

/* Begin PBXGroup section */
		DBE610AA256442D200B39BC8 = {
			isa = PBXGroup;
			children = (
				DBE610AF256442D200B39BC8 /* Shared */,
				DBE610B9256442D300B39BC8 /* iOS */,
				DBE610C0256442D300B39BC8 /* macOS */,
				DBE610B8256442D300B39BC8 /* Products */,
			);
			sourceTree = "<group>";
		};
		DBE610AF256442D200B39BC8 /* Shared */ = {
			isa = PBXGroup;
			children = (
				DBE610B0256442D200B39BC8 /* SwiftPHPickerAppApp.swift */,
				DBE610B1256442D200B39BC8 /* ContentView.swift */,
				DBE610B2256442D300B39BC8 /* Assets.xcassets */,
			);
			path = Shared;
			sourceTree = "<group>";
		};
		DBE610B8256442D300B39BC8 /* Products */ = {
			isa = PBXGroup;
			children = (
				DBE610B7256442D300B39BC8 /* SwiftPHPickerApp.app */,
				DBE610BF256442D300B39BC8 /* SwiftPHPickerApp.app */,
			);
			name = Products;
			sourceTree = "<group>";
		};
		DBE610B9256442D300B39BC8 /* iOS */ = {
			isa = PBXGroup;
			children = (
				DBE610BA256442D300B39BC8 /* Info.plist */,
			);
			path = iOS;
			sourceTree = "<group>";
		};
		DBE610C0256442D300B39BC8 /* macOS */ = {
			isa = PBXGroup;
			children = (
				DBE610C1256442D300B39BC8 /* Info.plist */,
				DBE610C2256442D300B39BC8 /* macOS.entitlements */,
			);
			path = macOS;
			sourceTree = "<group>";
		};
/* End PBXGroup section */

/* Begin PBXNativeTarget section */
		DBE610B6256442D300B39BC8 /* SwiftPHPickerApp (iOS) */ = {
			isa = PBXNativeTarget;
			buildConfigurationList = DBE610CB256442D300B39BC8 /* Build configuration list for PBXNativeTarget "SwiftPHPickerApp (iOS)" */;
			buildPhases = (
				DBE610B3256442D300B39BC8 /* Sources */,
				DBE610B4256442D300B39BC8 /* Frameworks */,
				DBE610B5256442D300B39BC8 /* Resources */,
			);
			buildRules = (
			);
			dependencies = (
			);
			name = "SwiftPHPickerApp (iOS)";
			productName = "SwiftPHPickerApp (iOS)";
			productReference = DBE610B7256442D300B39BC8 /* SwiftPHPickerApp.app */;
			productType = "com.apple.product-type.application";
		};
		DBE610BE256442D300B39BC8 /* SwiftPHPickerApp (macOS) */ = {
			isa = PBXNativeTarget;
			buildConfigurationList = DBE610CE256442D300B39BC8 /* Build configuration list for PBXNativeTarget "SwiftPHPickerApp (macOS)" */;
			buildPhases = (
				DBE610BB256442D300B39BC8 /* Sources */,
				DBE610BC256442D300B39BC8 /* Frameworks */,
				DBE610BD256442D300B39BC8 /* Resources */,
			);
			buildRules = (
			);
			dependencies = (
			);
			name = "SwiftPHPickerApp (macOS)";
			productName = "SwiftPHPickerApp (macOS)";
			productReference = DBE610BF256442D300B39BC8 /* SwiftPHPickerApp.app */;
			productType = "com.apple.product-type.application";
		};
/* End PBXNativeTarget section */

/* Begin PBXProject section */
		DBE610AB256442D200B39BC8 /* Project object */ = {
			isa = PBXProject;
			attributes = {
				LastSwiftUpdateCheck = 1230;
				LastUpgradeCheck = 1230;
				TargetAttributes = {
					DBE610B6256442D300B39BC8 = {
						CreatedOnToolsVersion = 12.3;
					};
					DBE610BE256442D300B39BC8 = {
						CreatedOnToolsVersion = 12.3;
					};
				};
			};
			buildConfigurationList = DBE610AE256442D200B39BC8 /* Build configuration list for PBXProject "SwiftPHPickerApp" */;
			compatibilityVersion = "Xcode 9.3";
			developmentRegion = en;
			hasScannedForEncodings = 0;
			knownRegions = (
				en,
				Base,
			);
			mainGroup = DBE610AA256442D200B39BC8;
			productRefGroup = DBE610B8256442D300B39BC8 /* Products */;
			projectDirPath = "";
			projectRoot = "";
			targets = (
				DBE610B6256442D300B39BC8 /* SwiftPHPickerApp (iOS) */,
				DBE610BE256442D300B39BC8 /* SwiftPHPickerApp (macOS) */,
			);
		};
/* End PBXProject section */

/* Begin PBXResourcesBuildPhase section */
		DBE610B5256442D300B39BC8 /* Resources */ = {
			isa = PBXResourcesBuildPhase;
			buildActionMask = 2147483647;
			files = (
				DBE610C7256442D300B39BC8 /* Assets.xcassets in Resources */,
			);
			runOnlyForDeploymentPostprocessing = 0;
		};
		DBE610BD256442D300B39BC8 /* Resources */ = {
			isa = PBXResourcesBuildPhase;
			buildActionMask = 2147483647;
			files = (
				DBE610C8256442D300B39BC8 /* Assets.xcassets in Resources */,
			);
			runOnlyForDeploymentPostprocessing = 0;
		};
/* End PBXResourcesBuildPhase section */

/* Begin PBXSourcesBuildPhase section */
		DBE610B3256442D300B39BC8 /* Sources */ = {
			isa = PBXSourcesBuildPhase;
			buildActionMask = 2147483647;
			files = (
				DBE610C5256442D300B39BC8 /* ContentView.swift in Sources */,
				DBE610C3256442D300B39BC8 /* SwiftPHPickerAppApp.swift in Sources */,
			);
			runOnlyForDeploymentPostprocessing = 0;
		};
		DBE610BB256442D300B39BC8 /* Sources */ = {
			isa = PBXSourcesBuildPhase;
			buildActionMask = 2147483647;
			files = (
				DBE610C6256442D300B39BC8 /* ContentView.swift in Sources */,
				DBE610C4256442D300B39BC8 /* SwiftPHPickerAppApp.swift in Sources */,
			);
			runOnlyForDeploymentPostprocessing = 0;
		};
/* End PBXSourcesBuildPhase section */

/* Begin XCBuildConfiguration section */
		DBE610C9256442D300B39BC8 /* Debug */ = {
			isa = XCBuildConfiguration;
			buildSettings = {
				ALWAYS_SEARCH_USER_PATHS = NO;
				CLANG_ANALYZER_NONNULL = YES;
				CLANG_ANALYZER_NUMBER_OBJECT_CONVERSION = YES_AGGRESSIVE;
				CLANG_CXX_LANGUAGE_STANDARD = "gnu++14";
				CLANG_CXX_LIBRARY = "libc++";
				CLANG_ENABLE_MODULES = YES;
				CLANG_ENABLE_OBJC_ARC = YES;
				CLANG_ENABLE_OBJC_WEAK = YES;
				CLANG_WARN_BLOCK_CAPTURE_AUTORELEASING = YES;
				CLANG_WARN_BOOL_CONVERSION = YES;
				CLANG_WARN_COMMA = YES;
				CLANG_WARN_CONSTANT_CONVERSION = YES;
				CLANG_WARN_DEPRECATED_OBJC_IMPLEMENTATIONS = YES;
				CLANG_WARN_DIRECT_OBJC_ISA_USAGE = YES_ERROR;
				CLANG_WARN_DOCUMENTATION_COMMENTS = YES;
				CLANG_WARN_EMPTY_BODY = YES;
				CLANG_WARN_ENUM_CONVERSION = YES;
				CLANG_WARN_INFINITE_RECURSION = YES;
				CLANG_WARN_INT_CONVERSION = YES;
				CLANG_WARN_NON_LITERAL_NULL_CONVERSION = YES;
				CLANG_WARN_OBJC_IMPLICIT_RETAIN_SELF = YES;
				CLANG_WARN_OBJC_LITERAL_CONVERSION = YES;
				CLANG_WARN_OBJC_ROOT_CLASS = YES_ERROR;
				CLANG_WARN_QUOTED_INCLUDE_IN_FRAMEWORK_HEADER = YES;
				CLANG_WARN_RANGE_LOOP_ANALYSIS = YES;
				CLANG_WARN_STRICT_PROTOTYPES = YES;
				CLANG_WARN_SUSPICIOUS_MOVE = YES;
				CLANG_WARN_UNGUARDED_AVAILABILITY = YES_AGGRESSIVE;
				CLANG_WARN_UNREACHABLE_CODE = YES;
				CLANG_WARN__DUPLICATE_METHOD_MATCH = YES;
				COPY_PHASE_STRIP = NO;
				DEBUG_INFORMATION_FORMAT = dwarf;
				ENABLE_STRICT_OBJC_MSGSEND = YES;
				ENABLE_TESTABILITY = YES;
				GCC_C_LANGUAGE_STANDARD = gnu11;
				GCC_DYNAMIC_NO_PIC = NO;
				GCC_NO_COMMON_BLOCKS = YES;
				GCC_OPTIMIZATION_LEVEL = 0;
				GCC_PREPROCESSOR_DEFINITIONS = (
					"DEBUG=1",
					"$(inherited)",
				);
				GCC_WARN_64_TO_32_BIT_CONVERSION = YES;
				GCC_WARN_ABOUT_RETURN_TYPE = YES_ERROR;
				GCC_WARN_UNDECLARED_SELECTOR = YES;
				GCC_WARN_UNINITIALIZED_AUTOS = YES_AGGRESSIVE;
				GCC_WARN_UNUSED_FUNCTION = YES;
				GCC_WARN_UNUSED_VARIABLE = YES;
				MTL_ENABLE_DEBUG_INFO = INCLUDE_SOURCE;
				MTL_FAST_MATH = YES;
				ONLY_ACTIVE_ARCH = YES;
				SWIFT_ACTIVE_COMPILATION_CONDITIONS = DEBUG;
				SWIFT_OPTIMIZATION_LEVEL = "-Onone";
			};
			name = Debug;
		};
		DBE610CA256442D300B39BC8 /* Release */ = {
			isa = XCBuildConfiguration;
			buildSettings = {
				ALWAYS_SEARCH_USER_PATHS = NO;
				CLANG_ANALYZER_NONNULL = YES;
				CLANG_ANALYZER_NUMBER_OBJECT_CONVERSION = YES_AGGRESSIVE;
				CLANG_CXX_LANGUAGE_STANDARD = "gnu++14";
				CLANG_CXX_LIBRARY = "libc++";
				CLANG_ENABLE_MODULES = YES;
				CLANG_ENABLE_OBJC_ARC = YES;
				CLANG_ENABLE_OBJC_WEAK = YES;
				CLANG_WARN_BLOCK_CAPTURE_AUTORELEASING = YES;
				CLANG_WARN_BOOL_CONVERSION = YES;
				CLANG_WARN_COMMA = YES;
				CLANG_WARN_CONSTANT_CONVERSION = YES;
				CLANG_WARN_DEPRECATED_OBJC_IMPLEMENTATIONS = YES;
				CLANG_WARN_DIRECT_OBJC_ISA_USAGE = YES_ERROR;
				CLANG_WARN_DOCUMENTATION_COMMENTS = YES;
				CLANG_WARN_EMPTY_BODY = YES;
				CLANG_WARN_ENUM_CONVERSION = YES;
				CLANG_WARN_INFINITE_RECURSION = YES;
				CLANG_WARN_INT_CONVERSION = YES;
				CLANG_WARN_NON_LITERAL_NULL_CONVERSION = YES;
				CLANG_WARN_OBJC_IMPLICIT_RETAIN_SELF = YES;
				CLANG_WARN_OBJC_LITERAL_CONVERSION = YES;
				CLANG_WARN_OBJC_ROOT_CLASS = YES_ERROR;
				CLANG_WARN_QUOTED_INCLUDE_IN_FRAMEWORK_HEADER = YES;
				CLANG_WARN_RANGE_LOOP_ANALYSIS = YES;
				CLANG_WARN_STRICT_PROTOTYPES = YES;
				CLANG_WARN_SUSPICIOUS_MOVE = YES;
				CLANG_WARN_UNGUARDED_AVAILABILITY = YES_AGGRESSIVE;
				CLANG_WARN_UNREACHABLE_CODE = YES;
				CLANG_WARN__DUPLICATE_METHOD_MATCH = YES;
				COPY_PHASE_STRIP = NO;
				DEBUG_INFORMATION_FORMAT = "dwarf-with-dsym";
				ENABLE_NS_ASSERTIONS = NO;
				ENABLE_STRICT_OBJC_MSGSEND = YES;
				GCC_C_LANGUAGE_STANDARD = gnu11;
				GCC_NO_COMMON_BLOCKS = YES;
				GCC_WARN_64_TO_32_BIT_CONVERSION = YES;
				GCC_WARN_ABOUT_RETURN_TYPE = YES_ERROR;
				GCC_WARN_UNDECLARED_SELECTOR = YES;
				GCC_WARN_UNINITIALIZED_AUTOS = YES_AGGRESSIVE;
				GCC_WARN_UNUSED_FUNCTION = YES;
				GCC_WARN_UNUSED_VARIABLE = YES;
				MTL_ENABLE_DEBUG_INFO = NO;
				MTL_FAST_MATH = YES;
				SWIFT_COMPILATION_MODE = wholemodule;
				SWIFT_OPTIMIZATION_LEVEL = "-O";
			};
			name = Release;
		};
		DBE610CC256442D300B39BC8 /* Debug */ = {
			isa = XCBuildConfiguration;
			buildSettings = {
				ASSETCATALOG_COMPILER_APPICON_NAME = AppIcon;
				ASSETCATALOG_COMPILER_GLOBAL_ACCENT_COLOR_NAME = AccentColor;
				CODE_SIGN_STYLE = Automatic;
				DEVELOPMENT_TEAM = 6UR9TA6744;
				ENABLE_PREVIEWS = YES;
				INFOPLIST_FILE = iOS/Info.plist;
				IPHONEOS_DEPLOYMENT_TARGET = 14.0;
				LD_RUNPATH_SEARCH_PATHS = (
					"$(inherited)",
					"@executable_path/Frameworks",
				);
				PRODUCT_BUNDLE_IDENTIFIER = com.janhovland.SwiftPHPickerApp;
				PRODUCT_NAME = SwiftPHPickerApp;
				SDKROOT = iphoneos;
				SWIFT_VERSION = 5.0;
				TARGETED_DEVICE_FAMILY = "1,2";
			};
			name = Debug;
		};
		DBE610CD256442D300B39BC8 /* Release */ = {
			isa = XCBuildConfiguration;
			buildSettings = {
				ASSETCATALOG_COMPILER_APPICON_NAME = AppIcon;
				ASSETCATALOG_COMPILER_GLOBAL_ACCENT_COLOR_NAME = AccentColor;
				CODE_SIGN_STYLE = Automatic;
				DEVELOPMENT_TEAM = 6UR9TA6744;
				ENABLE_PREVIEWS = YES;
				INFOPLIST_FILE = iOS/Info.plist;
				IPHONEOS_DEPLOYMENT_TARGET = 14.0;
				LD_RUNPATH_SEARCH_PATHS = (
					"$(inherited)",
					"@executable_path/Frameworks",
				);
				PRODUCT_BUNDLE_IDENTIFIER = com.janhovland.SwiftPHPickerApp;
				PRODUCT_NAME = SwiftPHPickerApp;
				SDKROOT = iphoneos;
				SWIFT_VERSION = 5.0;
				TARGETED_DEVICE_FAMILY = "1,2";
				VALIDATE_PRODUCT = YES;
			};
			name = Release;
		};
		DBE610CF256442D300B39BC8 /* Debug */ = {
			isa = XCBuildConfiguration;
			buildSettings = {
				ASSETCATALOG_COMPILER_APPICON_NAME = AppIcon;
				ASSETCATALOG_COMPILER_GLOBAL_ACCENT_COLOR_NAME = AccentColor;
				CODE_SIGN_ENTITLEMENTS = macOS/macOS.entitlements;
				CODE_SIGN_STYLE = Automatic;
				COMBINE_HIDPI_IMAGES = YES;
				DEVELOPMENT_TEAM = 6UR9TA6744;
				ENABLE_HARDENED_RUNTIME = YES;
				ENABLE_PREVIEWS = YES;
				INFOPLIST_FILE = macOS/Info.plist;
				LD_RUNPATH_SEARCH_PATHS = (
					"$(inherited)",
					"@executable_path/../Frameworks",
				);
				MACOSX_DEPLOYMENT_TARGET = 11.0;
				PRODUCT_BUNDLE_IDENTIFIER = com.janhovland.SwiftPHPickerApp;
				PRODUCT_NAME = SwiftPHPickerApp;
				SDKROOT = macosx;
				SWIFT_VERSION = 5.0;
			};
			name = Debug;
		};
		DBE610D0256442D300B39BC8 /* Release */ = {
			isa = XCBuildConfiguration;
			buildSettings = {
				ASSETCATALOG_COMPILER_APPICON_NAME = AppIcon;
				ASSETCATALOG_COMPILER_GLOBAL_ACCENT_COLOR_NAME = AccentColor;
				CODE_SIGN_ENTITLEMENTS = macOS/macOS.entitlements;
				CODE_SIGN_STYLE = Automatic;
				COMBINE_HIDPI_IMAGES = YES;
				DEVELOPMENT_TEAM = 6UR9TA6744;
				ENABLE_HARDENED_RUNTIME = YES;
				ENABLE_PREVIEWS = YES;
				INFOPLIST_FILE = macOS/Info.plist;
				LD_RUNPATH_SEARCH_PATHS = (
					"$(inherited)",
					"@executable_path/../Frameworks",
				);
				MACOSX_DEPLOYMENT_TARGET = 11.0;
				PRODUCT_BUNDLE_IDENTIFIER = com.janhovland.SwiftPHPickerApp;
				PRODUCT_NAME = SwiftPHPickerApp;
				SDKROOT = macosx;
				SWIFT_VERSION = 5.0;
			};
			name = Release;
		};
/* End XCBuildConfiguration section */

/* Begin XCConfigurationList section */
		DBE610AE256442D200B39BC8 /* Build configuration list for PBXProject "SwiftPHPickerApp" */ = {
			isa = XCConfigurationList;
			buildConfigurations = (
				DBE610C9256442D300B39BC8 /* Debug */,
				DBE610CA256442D300B39BC8 /* Release */,
			);
			defaultConfigurationIsVisible = 0;
			defaultConfigurationName = Release;
		};
		DBE610CB256442D300B39BC8 /* Build configuration list for PBXNativeTarget "SwiftPHPickerApp (iOS)" */ = {
			isa = XCConfigurationList;
			buildConfigurations = (
				DBE610CC256442D300B39BC8 /* Debug */,
				DBE610CD256442D300B39BC8 /* Release */,
			);
			defaultConfigurationIsVisible = 0;
			defaultConfigurationName = Release;
		};
		DBE610CE256442D300B39BC8 /* Build configuration list for PBXNativeTarget "SwiftPHPickerApp (macOS)" */ = {
			isa = XCConfigurationList;
			buildConfigurations = (
				DBE610CF256442D300B39BC8 /* Debug */,
				DBE610D0256442D300B39BC8 /* Release */,
			);
			defaultConfigurationIsVisible = 0;
			defaultConfigurationName = Release;
		};
/* End XCConfigurationList section */
	};
	rootObject = DBE610AB256442D200B39BC8 /* Project object */;
}
